
Microsoft Visual Studio Solution File, Format Version 12.00
# Visual Studio Version 17
VisualStudioVersion = 17.1.32421.90
MinimumVisualStudioVersion = 10.0.40219.1
Project("{9A19103F-16F7-4668-BE54-9A1E7A4F7556}") = "Cedekap.Core", "src\Cedekap.Core\Cedekap.Core.csproj", "{9BCF0BEF-BFD4-42DF-8F07-94A99AF8FEF6}"
EndProject
Project("{9A19103F-16F7-4668-BE54-9A1E7A4F7556}") = "Cedekap.Infrastructure", "src\Cedekap.Infrastructure\Cedekap.Infrastructure.csproj", "{38833BB2-0B92-4706-A9C5-67CA62BD977B}"
EndProject
Project("{9A19103F-16F7-4668-BE54-9A1E7A4F7556}") = "Cedekap.Web", "src\Cedekap.Web\Cedekap.Web.csproj", "{9E3DAC46-CA88-42BF-BE49-B02C051E3716}"
EndProject
Global
	GlobalSection(SolutionConfigurationPlatforms) = preSolution
		Debug|Any CPU = Debug|Any CPU
		Release|Any CPU = Release|Any CPU
	EndGlobalSection
	GlobalSection(ProjectConfigurationPlatforms) = postSolution
		{9BCF0BEF-BFD4-42DF-8F07-94A99AF8FEF6}.Debug|Any CPU.ActiveCfg = Debug|Any CPU
		{9BCF0BEF-BFD4-42DF-8F07-94A99AF8FEF6}.Debug|Any CPU.Build.0 = Debug|Any CPU
		{9BCF0BEF-BFD4-42DF-8F07-94A99AF8FEF6}.Release|Any CPU.ActiveCfg = Release|Any CPU
		{9BCF0BEF-BFD4-42DF-8F07-94A99AF8FEF6}.Release|Any CPU.Build.0 = Release|Any CPU
		{38833BB2-0B92-4706-A9C5-67CA62BD977B}.Debug|Any CPU.ActiveCfg = Debug|Any CPU
		{38833BB2-0B92-4706-A9C5-67CA62BD977B}.Debug|Any CPU.Build.0 = Debug|Any CPU
		{38833BB2-0B92-4706-A9C5-67CA62BD977B}.Release|Any CPU.ActiveCfg = Release|Any CPU
		{38833BB2-0B92-4706-A9C5-67CA62BD977B}.Release|Any CPU.Build.0 = Release|Any CPU
		{9E3DAC46-CA88-42BF-BE49-B02C051E3716}.Debug|Any CPU.ActiveCfg = Debug|Any CPU
		{9E3DAC46-CA88-42BF-BE49-B02C051E3716}.Debug|Any CPU.Build.0 = Debug|Any CPU
		{9E3DAC46-CA88-42BF-BE49-B02C051E3716}.Release|Any CPU.ActiveCfg = Release|Any CPU
		{9E3DAC46-CA88-42BF-BE49-B02C051E3716}.Release|Any CPU.Build.0 = Release|Any CPU
	EndGlobalSection
	GlobalSection(SolutionProperties) = preSolution
		HideSolutionNode = FALSE
	EndGlobalSection
	GlobalSection(ExtensibilityGlobals) = postSolution
		SolutionGuid = {296E4412-92C7-4668-A3CD-6E43707C9E26}
	EndGlobalSection
EndGlobal
