
Microsoft Visual Studio Solution File, Format Version 12.00
# Visual Studio Version 17
VisualStudioVersion = 17.1.32421.90
MinimumVisualStudioVersion = 10.0.40219.1
Project("{9A19103F-16F7-4668-BE54-9A1E7A4F7556}") = "Diplomski.Core", "src\Diplomski.Core\Diplomski.Core.csproj", "{5D0BF03A-6385-4FCA-958B-5D358312BE97}"
EndProject
Project("{9A19103F-16F7-4668-BE54-9A1E7A4F7556}") = "Diplomski.Infrastructure", "src\Diplomski.Infrastructure\Diplomski.Infrastructure.csproj", "{8115CFAA-03DA-4F64-B0DB-FA978643F825}"
EndProject
Project("{9A19103F-16F7-4668-BE54-9A1E7A4F7556}") = "Diplomski.API", "src\Diplomski.API\Diplomski.API.csproj", "{317099BF-A0BF-487B-A1DB-4274768AE9EE}"
EndProject
Global
	GlobalSection(SolutionConfigurationPlatforms) = preSolution
		Debug|Any CPU = Debug|Any CPU
		Release|Any CPU = Release|Any CPU
	EndGlobalSection
	GlobalSection(ProjectConfigurationPlatforms) = postSolution
		{5D0BF03A-6385-4FCA-958B-5D358312BE97}.Debug|Any CPU.ActiveCfg = Debug|Any CPU
		{5D0BF03A-6385-4FCA-958B-5D358312BE97}.Debug|Any CPU.Build.0 = Debug|Any CPU
		{5D0BF03A-6385-4FCA-958B-5D358312BE97}.Release|Any CPU.ActiveCfg = Release|Any CPU
		{5D0BF03A-6385-4FCA-958B-5D358312BE97}.Release|Any CPU.Build.0 = Release|Any CPU
		{8115CFAA-03DA-4F64-B0DB-FA978643F825}.Debug|Any CPU.ActiveCfg = Debug|Any CPU
		{8115CFAA-03DA-4F64-B0DB-FA978643F825}.Debug|Any CPU.Build.0 = Debug|Any CPU
		{8115CFAA-03DA-4F64-B0DB-FA978643F825}.Release|Any CPU.ActiveCfg = Release|Any CPU
		{8115CFAA-03DA-4F64-B0DB-FA978643F825}.Release|Any CPU.Build.0 = Release|Any CPU
		{317099BF-A0BF-487B-A1DB-4274768AE9EE}.Debug|Any CPU.ActiveCfg = Debug|Any CPU
		{317099BF-A0BF-487B-A1DB-4274768AE9EE}.Debug|Any CPU.Build.0 = Debug|Any CPU
		{317099BF-A0BF-487B-A1DB-4274768AE9EE}.Release|Any CPU.ActiveCfg = Release|Any CPU
		{317099BF-A0BF-487B-A1DB-4274768AE9EE}.Release|Any CPU.Build.0 = Release|Any CPU
	EndGlobalSection
	GlobalSection(SolutionProperties) = preSolution
		HideSolutionNode = FALSE
	EndGlobalSection
	GlobalSection(ExtensibilityGlobals) = postSolution
		SolutionGuid = {296E4412-92C7-4668-A3CD-6E43707C9E26}
	EndGlobalSection
EndGlobal
