
Microsoft Visual Studio Solution File, Format Version 12.00
# Visual Studio Version 16
VisualStudioVersion = 16.0.31624.102
MinimumVisualStudioVersion = 10.0.40219.1
Project("{FAE04EC0-301F-11D3-BF4B-00C04F79EFBC}") = "Diplomski.API", "Diplomski\Diplomski.API\Diplomski.API.csproj", "{907A8216-8CE6-4A37-8A1B-82A9581314B8}"
EndProject
Project("{9A19103F-16F7-4668-BE54-9A1E7A4F7556}") = "Diplomski.Core", "Diplomski\Diplomski.Core\Diplomski.Core.csproj", "{A265F776-73A7-4E22-8BEA-5AA95786761A}"
EndProject
Project("{FAE04EC0-301F-11D3-BF4B-00C04F79EFBC}") = "Test", "Diplomski\Test\Test.csproj", "{93EAE5D0-CF07-44E1-A761-45D596A7F494}"
EndProject
Global
	GlobalSection(SolutionConfigurationPlatforms) = preSolution
		Debug|Any CPU = Debug|Any CPU
		Release|Any CPU = Release|Any CPU
	EndGlobalSection
	GlobalSection(ProjectConfigurationPlatforms) = postSolution
		{907A8216-8CE6-4A37-8A1B-82A9581314B8}.Debug|Any CPU.ActiveCfg = Debug|Any CPU
		{907A8216-8CE6-4A37-8A1B-82A9581314B8}.Debug|Any CPU.Build.0 = Debug|Any CPU
		{907A8216-8CE6-4A37-8A1B-82A9581314B8}.Release|Any CPU.ActiveCfg = Release|Any CPU
		{907A8216-8CE6-4A37-8A1B-82A9581314B8}.Release|Any CPU.Build.0 = Release|Any CPU
		{A265F776-73A7-4E22-8BEA-5AA95786761A}.Debug|Any CPU.ActiveCfg = Debug|Any CPU
		{A265F776-73A7-4E22-8BEA-5AA95786761A}.Debug|Any CPU.Build.0 = Debug|Any CPU
		{A265F776-73A7-4E22-8BEA-5AA95786761A}.Release|Any CPU.ActiveCfg = Release|Any CPU
		{A265F776-73A7-4E22-8BEA-5AA95786761A}.Release|Any CPU.Build.0 = Release|Any CPU
		{93EAE5D0-CF07-44E1-A761-45D596A7F494}.Debug|Any CPU.ActiveCfg = Debug|Any CPU
		{93EAE5D0-CF07-44E1-A761-45D596A7F494}.Debug|Any CPU.Build.0 = Debug|Any CPU
		{93EAE5D0-CF07-44E1-A761-45D596A7F494}.Release|Any CPU.ActiveCfg = Release|Any CPU
		{93EAE5D0-CF07-44E1-A761-45D596A7F494}.Release|Any CPU.Build.0 = Release|Any CPU
	EndGlobalSection
	GlobalSection(SolutionProperties) = preSolution
		HideSolutionNode = FALSE
	EndGlobalSection
	GlobalSection(ExtensibilityGlobals) = postSolution
		SolutionGuid = {296E4412-92C7-4668-A3CD-6E43707C9E26}
	EndGlobalSection
EndGlobal
