
Microsoft Visual Studio Solution File, Format Version 12.00
# Visual Studio Version 17
VisualStudioVersion = 17.3.32819.101
MinimumVisualStudioVersion = 10.0.40219.1
Project("{9092AA53-FB77-4645-B42D-1CCCA6BD08BD}") = "Diplomski.Front", "src\Diplomski.Front\Diplomski.Front.njsproj", "{FA338CD6-37A7-427A-8454-A2BCBDDBBB5A}"
EndProject
Global
	GlobalSection(SolutionConfigurationPlatforms) = preSolution
		Debug|Any CPU = Debug|Any CPU
		Release|Any CPU = Release|Any CPU
	EndGlobalSection
	GlobalSection(ProjectConfigurationPlatforms) = postSolution
		{FA338CD6-37A7-427A-8454-A2BCBDDBBB5A}.Debug|Any CPU.ActiveCfg = Debug|Any CPU
		{FA338CD6-37A7-427A-8454-A2BCBDDBBB5A}.Debug|Any CPU.Build.0 = Debug|Any CPU
		{FA338CD6-37A7-427A-8454-A2BCBDDBBB5A}.Release|Any CPU.ActiveCfg = Release|Any CPU
		{FA338CD6-37A7-427A-8454-A2BCBDDBBB5A}.Release|Any CPU.Build.0 = Release|Any CPU
	EndGlobalSection
	GlobalSection(SolutionProperties) = preSolution
		HideSolutionNode = FALSE
	EndGlobalSection
	GlobalSection(ExtensibilityGlobals) = postSolution
		SolutionGuid = {94901DD5-7844-44A6-996C-CD5C0D85ACCD}
	EndGlobalSection
EndGlobal
